// !$*UTF8*$!
{
	archiveVersion = 1;
	classes = {
	};
	objectVersion = 55;
	objects = {

/* Begin PBXBuildFile section */
		31283D2E281B199300200A3F /* MapViewController.swift in Sources */ = {isa = PBXBuildFile; fileRef = 31283D2D281B199300200A3F /* MapViewController.swift */; };
		31D6C39328187976001636F1 /* PokemonClass.swift in Sources */ = {isa = PBXBuildFile; fileRef = 31D6C39228187976001636F1 /* PokemonClass.swift */; };
		31D6C39528187A36001636F1 /* PokedexView.swift in Sources */ = {isa = PBXBuildFile; fileRef = 31D6C39428187A36001636F1 /* PokedexView.swift */; };
		31D9828528133DD200CA1136 /* AppDelegate.swift in Sources */ = {isa = PBXBuildFile; fileRef = 31D9828428133DD200CA1136 /* AppDelegate.swift */; };
		31D9828728133DD200CA1136 /* SceneDelegate.swift in Sources */ = {isa = PBXBuildFile; fileRef = 31D9828628133DD200CA1136 /* SceneDelegate.swift */; };
		31D9828928133DD200CA1136 /* ViewController.swift in Sources */ = {isa = PBXBuildFile; fileRef = 31D9828828133DD200CA1136 /* ViewController.swift */; };
		31D9828C28133DD200CA1136 /* Main.storyboard in Resources */ = {isa = PBXBuildFile; fileRef = 31D9828A28133DD200CA1136 /* Main.storyboard */; };
		31D9828E28133DD400CA1136 /* Assets.xcassets in Resources */ = {isa = PBXBuildFile; fileRef = 31D9828D28133DD400CA1136 /* Assets.xcassets */; };
		31D9829128133DD400CA1136 /* LaunchScreen.storyboard in Resources */ = {isa = PBXBuildFile; fileRef = 31D9828F28133DD400CA1136 /* LaunchScreen.storyboard */; };
		31EA944F281882540050D8FE /* InfoViewController.swift in Sources */ = {isa = PBXBuildFile; fileRef = 31EA944E281882540050D8FE /* InfoViewController.swift */; };
/* End PBXBuildFile section */

/* Begin PBXFileReference section */
		31283D2D281B199300200A3F /* MapViewController.swift */ = {isa = PBXFileReference; lastKnownFileType = sourcecode.swift; path = MapViewController.swift; sourceTree = "<group>"; };
		31D6C39228187976001636F1 /* PokemonClass.swift */ = {isa = PBXFileReference; lastKnownFileType = sourcecode.swift; path = PokemonClass.swift; sourceTree = "<group>"; };
		31D6C39428187A36001636F1 /* PokedexView.swift */ = {isa = PBXFileReference; lastKnownFileType = sourcecode.swift; path = PokedexView.swift; sourceTree = "<group>"; };
		31D9828128133DD200CA1136 /* PokemonGoProject.app */ = {isa = PBXFileReference; explicitFileType = wrapper.application; includeInIndex = 0; path = PokemonGoProject.app; sourceTree = BUILT_PRODUCTS_DIR; };
		31D9828428133DD200CA1136 /* AppDelegate.swift */ = {isa = PBXFileReference; lastKnownFileType = sourcecode.swift; path = AppDelegate.swift; sourceTree = "<group>"; };
		31D9828628133DD200CA1136 /* SceneDelegate.swift */ = {isa = PBXFileReference; lastKnownFileType = sourcecode.swift; path = SceneDelegate.swift; sourceTree = "<group>"; };
		31D9828828133DD200CA1136 /* ViewController.swift */ = {isa = PBXFileReference; lastKnownFileType = sourcecode.swift; path = ViewController.swift; sourceTree = "<group>"; };
		31D9828B28133DD200CA1136 /* Base */ = {isa = PBXFileReference; lastKnownFileType = file.storyboard; name = Base; path = Base.lproj/Main.storyboard; sourceTree = "<group>"; };
		31D9828D28133DD400CA1136 /* Assets.xcassets */ = {isa = PBXFileReference; lastKnownFileType = folder.assetcatalog; path = Assets.xcassets; sourceTree = "<group>"; };
		31D9829028133DD400CA1136 /* Base */ = {isa = PBXFileReference; lastKnownFileType = file.storyboard; name = Base; path = Base.lproj/LaunchScreen.storyboard; sourceTree = "<group>"; };
		31D9829228133DD400CA1136 /* Info.plist */ = {isa = PBXFileReference; lastKnownFileType = text.plist.xml; path = Info.plist; sourceTree = "<group>"; };
		31EA944E281882540050D8FE /* InfoViewController.swift */ = {isa = PBXFileReference; lastKnownFileType = sourcecode.swift; path = InfoViewController.swift; sourceTree = "<group>"; };
/* End PBXFileReference section */

/* Begin PBXFrameworksBuildPhase section */
		31D9827E28133DD200CA1136 /* Frameworks */ = {
			isa = PBXFrameworksBuildPhase;
			buildActionMask = 2147483647;
			files = (
			);
			runOnlyForDeploymentPostprocessing = 0;
		};
/* End PBXFrameworksBuildPhase section */

/* Begin PBXGroup section */
		31D9827828133DD200CA1136 = {
			isa = PBXGroup;
			children = (
				31D9828328133DD200CA1136 /* PokemonGoProject */,
				31D9828228133DD200CA1136 /* Products */,
			);
			sourceTree = "<group>";
		};
		31D9828228133DD200CA1136 /* Products */ = {
			isa = PBXGroup;
			children = (
				31D9828128133DD200CA1136 /* PokemonGoProject.app */,
			);
			name = Products;
			sourceTree = "<group>";
		};
		31D9828328133DD200CA1136 /* PokemonGoProject */ = {
			isa = PBXGroup;
			children = (
				31D9828428133DD200CA1136 /* AppDelegate.swift */,
				31D9828628133DD200CA1136 /* SceneDelegate.swift */,
				31D9828828133DD200CA1136 /* ViewController.swift */,
				31D6C39228187976001636F1 /* PokemonClass.swift */,
				31D6C39428187A36001636F1 /* PokedexView.swift */,
				31EA944E281882540050D8FE /* InfoViewController.swift */,
				31283D2D281B199300200A3F /* MapViewController.swift */,
				31D9828A28133DD200CA1136 /* Main.storyboard */,
				31D9828D28133DD400CA1136 /* Assets.xcassets */,
				31D9828F28133DD400CA1136 /* LaunchScreen.storyboard */,
				31D9829228133DD400CA1136 /* Info.plist */,
			);
			path = PokemonGoProject;
			sourceTree = "<group>";
		};
/* End PBXGroup section */

/* Begin PBXNativeTarget section */
		31D9828028133DD200CA1136 /* PokemonGoProject */ = {
			isa = PBXNativeTarget;
			buildConfigurationList = 31D9829528133DD400CA1136 /* Build configuration list for PBXNativeTarget "PokemonGoProject" */;
			buildPhases = (
				31D9827D28133DD200CA1136 /* Sources */,
				31D9827E28133DD200CA1136 /* Frameworks */,
				31D9827F28133DD200CA1136 /* Resources */,
			);
			buildRules = (
			);
			dependencies = (
			);
			name = PokemonGoProject;
			productName = PokemonGoProject;
			productReference = 31D9828128133DD200CA1136 /* PokemonGoProject.app */;
			productType = "com.apple.product-type.application";
		};
/* End PBXNativeTarget section */

/* Begin PBXProject section */
		31D9827928133DD200CA1136 /* Project object */ = {
			isa = PBXProject;
			attributes = {
				BuildIndependentTargetsInParallel = 1;
				LastSwiftUpdateCheck = 1330;
				LastUpgradeCheck = 1330;
				TargetAttributes = {
					31D9828028133DD200CA1136 = {
						CreatedOnToolsVersion = 13.3;
					};
				};
			};
			buildConfigurationList = 31D9827C28133DD200CA1136 /* Build configuration list for PBXProject "PokemonGoProject" */;
			compatibilityVersion = "Xcode 13.0";
			developmentRegion = en;
			hasScannedForEncodings = 0;
			knownRegions = (
				en,
				Base,
			);
			mainGroup = 31D9827828133DD200CA1136;
			productRefGroup = 31D9828228133DD200CA1136 /* Products */;
			projectDirPath = "";
			projectRoot = "";
			targets = (
				31D9828028133DD200CA1136 /* PokemonGoProject */,
			);
		};
/* End PBXProject section */

/* Begin PBXResourcesBuildPhase section */
		31D9827F28133DD200CA1136 /* Resources */ = {
			isa = PBXResourcesBuildPhase;
			buildActionMask = 2147483647;
			files = (
				31D9829128133DD400CA1136 /* LaunchScreen.storyboard in Resources */,
				31D9828E28133DD400CA1136 /* Assets.xcassets in Resources */,
				31D9828C28133DD200CA1136 /* Main.storyboard in Resources */,
			);
			runOnlyForDeploymentPostprocessing = 0;
		};
/* End PBXResourcesBuildPhase section */

/* Begin PBXSourcesBuildPhase section */
		31D9827D28133DD200CA1136 /* Sources */ = {
			isa = PBXSourcesBuildPhase;
			buildActionMask = 2147483647;
			files = (
				31D9828928133DD200CA1136 /* ViewController.swift in Sources */,
				31D6C39328187976001636F1 /* PokemonClass.swift in Sources */,
				31D6C39528187A36001636F1 /* PokedexView.swift in Sources */,
				31D9828528133DD200CA1136 /* AppDelegate.swift in Sources */,
				31EA944F281882540050D8FE /* InfoViewController.swift in Sources */,
				31D9828728133DD200CA1136 /* SceneDelegate.swift in Sources */,
				31283D2E281B199300200A3F /* MapViewController.swift in Sources */,
			);
			runOnlyForDeploymentPostprocessing = 0;
		};
/* End PBXSourcesBuildPhase section */

/* Begin PBXVariantGroup section */
		31D9828A28133DD200CA1136 /* Main.storyboard */ = {
			isa = PBXVariantGroup;
			children = (
				31D9828B28133DD200CA1136 /* Base */,
			);
			name = Main.storyboard;
			sourceTree = "<group>";
		};
		31D9828F28133DD400CA1136 /* LaunchScreen.storyboard */ = {
			isa = PBXVariantGroup;
			children = (
				31D9829028133DD400CA1136 /* Base */,
			);
			name = LaunchScreen.storyboard;
			sourceTree = "<group>";
		};
/* End PBXVariantGroup section */

/* Begin XCBuildConfiguration section */
		31D9829328133DD400CA1136 /* Debug */ = {
			isa = XCBuildConfiguration;
			buildSettings = {
				ALWAYS_SEARCH_USER_PATHS = NO;
				CLANG_ANALYZER_NONNULL = YES;
				CLANG_ANALYZER_NUMBER_OBJECT_CONVERSION = YES_AGGRESSIVE;
				CLANG_CXX_LANGUAGE_STANDARD = "gnu++17";
				CLANG_ENABLE_MODULES = YES;
				CLANG_ENABLE_OBJC_ARC = YES;
				CLANG_ENABLE_OBJC_WEAK = YES;
				CLANG_WARN_BLOCK_CAPTURE_AUTORELEASING = YES;
				CLANG_WARN_BOOL_CONVERSION = YES;
				CLANG_WARN_COMMA = YES;
				CLANG_WARN_CONSTANT_CONVERSION = YES;
				CLANG_WARN_DEPRECATED_OBJC_IMPLEMENTATIONS = YES;
				CLANG_WARN_DIRECT_OBJC_ISA_USAGE = YES_ERROR;
				CLANG_WARN_DOCUMENTATION_COMMENTS = YES;
				CLANG_WARN_EMPTY_BODY = YES;
				CLANG_WARN_ENUM_CONVERSION = YES;
				CLANG_WARN_INFINITE_RECURSION = YES;
				CLANG_WARN_INT_CONVERSION = YES;
				CLANG_WARN_NON_LITERAL_NULL_CONVERSION = YES;
				CLANG_WARN_OBJC_IMPLICIT_RETAIN_SELF = YES;
				CLANG_WARN_OBJC_LITERAL_CONVERSION = YES;
				CLANG_WARN_OBJC_ROOT_CLASS = YES_ERROR;
				CLANG_WARN_QUOTED_INCLUDE_IN_FRAMEWORK_HEADER = YES;
				CLANG_WARN_RANGE_LOOP_ANALYSIS = YES;
				CLANG_WARN_STRICT_PROTOTYPES = YES;
				CLANG_WARN_SUSPICIOUS_MOVE = YES;
				CLANG_WARN_UNGUARDED_AVAILABILITY = YES_AGGRESSIVE;
				CLANG_WARN_UNREACHABLE_CODE = YES;
				CLANG_WARN__DUPLICATE_METHOD_MATCH = YES;
				COPY_PHASE_STRIP = NO;
				DEBUG_INFORMATION_FORMAT = dwarf;
				ENABLE_STRICT_OBJC_MSGSEND = YES;
				ENABLE_TESTABILITY = YES;
				GCC_C_LANGUAGE_STANDARD = gnu11;
				GCC_DYNAMIC_NO_PIC = NO;
				GCC_NO_COMMON_BLOCKS = YES;
				GCC_OPTIMIZATION_LEVEL = 0;
				GCC_PREPROCESSOR_DEFINITIONS = (
					"DEBUG=1",
					"$(inherited)",
				);
				GCC_WARN_64_TO_32_BIT_CONVERSION = YES;
				GCC_WARN_ABOUT_RETURN_TYPE = YES_ERROR;
				GCC_WARN_UNDECLARED_SELECTOR = YES;
				GCC_WARN_UNINITIALIZED_AUTOS = YES_AGGRESSIVE;
				GCC_WARN_UNUSED_FUNCTION = YES;
				GCC_WARN_UNUSED_VARIABLE = YES;
				IPHONEOS_DEPLOYMENT_TARGET = 15.4;
				MTL_ENABLE_DEBUG_INFO = INCLUDE_SOURCE;
				MTL_FAST_MATH = YES;
				ONLY_ACTIVE_ARCH = YES;
				SDKROOT = iphoneos;
				SWIFT_ACTIVE_COMPILATION_CONDITIONS = DEBUG;
				SWIFT_OPTIMIZATION_LEVEL = "-Onone";
			};
			name = Debug;
		};
		31D9829428133DD400CA1136 /* Release */ = {
			isa = XCBuildConfiguration;
			buildSettings = {
				ALWAYS_SEARCH_USER_PATHS = NO;
				CLANG_ANALYZER_NONNULL = YES;
				CLANG_ANALYZER_NUMBER_OBJECT_CONVERSION = YES_AGGRESSIVE;
				CLANG_CXX_LANGUAGE_STANDARD = "gnu++17";
				CLANG_ENABLE_MODULES = YES;
				CLANG_ENABLE_OBJC_ARC = YES;
				CLANG_ENABLE_OBJC_WEAK = YES;
				CLANG_WARN_BLOCK_CAPTURE_AUTORELEASING = YES;
				CLANG_WARN_BOOL_CONVERSION = YES;
				CLANG_WARN_COMMA = YES;
				CLANG_WARN_CONSTANT_CONVERSION = YES;
				CLANG_WARN_DEPRECATED_OBJC_IMPLEMENTATIONS = YES;
				CLANG_WARN_DIRECT_OBJC_ISA_USAGE = YES_ERROR;
				CLANG_WARN_DOCUMENTATION_COMMENTS = YES;
				CLANG_WARN_EMPTY_BODY = YES;
				CLANG_WARN_ENUM_CONVERSION = YES;
				CLANG_WARN_INFINITE_RECURSION = YES;
				CLANG_WARN_INT_CONVERSION = YES;
				CLANG_WARN_NON_LITERAL_NULL_CONVERSION = YES;
				CLANG_WARN_OBJC_IMPLICIT_RETAIN_SELF = YES;
				CLANG_WARN_OBJC_LITERAL_CONVERSION = YES;
				CLANG_WARN_OBJC_ROOT_CLASS = YES_ERROR;
				CLANG_WARN_QUOTED_INCLUDE_IN_FRAMEWORK_HEADER = YES;
				CLANG_WARN_RANGE_LOOP_ANALYSIS = YES;
				CLANG_WARN_STRICT_PROTOTYPES = YES;
				CLANG_WARN_SUSPICIOUS_MOVE = YES;
				CLANG_WARN_UNGUARDED_AVAILABILITY = YES_AGGRESSIVE;
				CLANG_WARN_UNREACHABLE_CODE = YES;
				CLANG_WARN__DUPLICATE_METHOD_MATCH = YES;
				COPY_PHASE_STRIP = NO;
				DEBUG_INFORMATION_FORMAT = "dwarf-with-dsym";
				ENABLE_NS_ASSERTIONS = NO;
				ENABLE_STRICT_OBJC_MSGSEND = YES;
				GCC_C_LANGUAGE_STANDARD = gnu11;
				GCC_NO_COMMON_BLOCKS = YES;
				GCC_WARN_64_TO_32_BIT_CONVERSION = YES;
				GCC_WARN_ABOUT_RETURN_TYPE = YES_ERROR;
				GCC_WARN_UNDECLARED_SELECTOR = YES;
				GCC_WARN_UNINITIALIZED_AUTOS = YES_AGGRESSIVE;
				GCC_WARN_UNUSED_FUNCTION = YES;
				GCC_WARN_UNUSED_VARIABLE = YES;
				IPHONEOS_DEPLOYMENT_TARGET = 15.4;
				MTL_ENABLE_DEBUG_INFO = NO;
				MTL_FAST_MATH = YES;
				SDKROOT = iphoneos;
				SWIFT_COMPILATION_MODE = wholemodule;
				SWIFT_OPTIMIZATION_LEVEL = "-O";
				VALIDATE_PRODUCT = YES;
			};
			name = Release;
		};
		31D9829628133DD400CA1136 /* Debug */ = {
			isa = XCBuildConfiguration;
			buildSettings = {
				ASSETCATALOG_COMPILER_APPICON_NAME = AppIcon;
				ASSETCATALOG_COMPILER_GLOBAL_ACCENT_COLOR_NAME = AccentColor;
				CODE_SIGN_STYLE = Automatic;
				CURRENT_PROJECT_VERSION = 1;
				DEVELOPMENT_TEAM = 65C553974L;
				GENERATE_INFOPLIST_FILE = YES;
				INFOPLIST_FILE = PokemonGoProject/Info.plist;
				INFOPLIST_KEY_UIApplicationSupportsIndirectInputEvents = YES;
				INFOPLIST_KEY_UILaunchStoryboardName = LaunchScreen;
				INFOPLIST_KEY_UIMainStoryboardFile = Main;
				INFOPLIST_KEY_UISupportedInterfaceOrientations_iPad = "UIInterfaceOrientationPortrait UIInterfaceOrientationPortraitUpsideDown UIInterfaceOrientationLandscapeLeft UIInterfaceOrientationLandscapeRight";
				INFOPLIST_KEY_UISupportedInterfaceOrientations_iPhone = "UIInterfaceOrientationPortrait UIInterfaceOrientationLandscapeLeft UIInterfaceOrientationLandscapeRight";
				LD_RUNPATH_SEARCH_PATHS = (
					"$(inherited)",
					"@executable_path/Frameworks",
				);
				MARKETING_VERSION = 1.0;
				PRODUCT_BUNDLE_IDENTIFIER = org.jhhs.625413.PokemonGoProject;
				PRODUCT_NAME = "$(TARGET_NAME)";
				SWIFT_EMIT_LOC_STRINGS = YES;
				SWIFT_VERSION = 5.0;
				TARGETED_DEVICE_FAMILY = "1,2";
			};
			name = Debug;
		};
		31D9829728133DD400CA1136 /* Release */ = {
			isa = XCBuildConfiguration;
			buildSettings = {
				ASSETCATALOG_COMPILER_APPICON_NAME = AppIcon;
				ASSETCATALOG_COMPILER_GLOBAL_ACCENT_COLOR_NAME = AccentColor;
				CODE_SIGN_STYLE = Automatic;
				CURRENT_PROJECT_VERSION = 1;
				DEVELOPMENT_TEAM = 65C553974L;
				GENERATE_INFOPLIST_FILE = YES;
				INFOPLIST_FILE = PokemonGoProject/Info.plist;
				INFOPLIST_KEY_UIApplicationSupportsIndirectInputEvents = YES;
				INFOPLIST_KEY_UILaunchStoryboardName = LaunchScreen;
				INFOPLIST_KEY_UIMainStoryboardFile = Main;
				INFOPLIST_KEY_UISupportedInterfaceOrientations_iPad = "UIInterfaceOrientationPortrait UIInterfaceOrientationPortraitUpsideDown UIInterfaceOrientationLandscapeLeft UIInterfaceOrientationLandscapeRight";
				INFOPLIST_KEY_UISupportedInterfaceOrientations_iPhone = "UIInterfaceOrientationPortrait UIInterfaceOrientationLandscapeLeft UIInterfaceOrientationLandscapeRight";
				LD_RUNPATH_SEARCH_PATHS = (
					"$(inherited)",
					"@executable_path/Frameworks",
				);
				MARKETING_VERSION = 1.0;
				PRODUCT_BUNDLE_IDENTIFIER = org.jhhs.625413.PokemonGoProject;
				PRODUCT_NAME = "$(TARGET_NAME)";
				SWIFT_EMIT_LOC_STRINGS = YES;
				SWIFT_VERSION = 5.0;
				TARGETED_DEVICE_FAMILY = "1,2";
			};
			name = Release;
		};
/* End XCBuildConfiguration section */

/* Begin XCConfigurationList section */
		31D9827C28133DD200CA1136 /* Build configuration list for PBXProject "PokemonGoProject" */ = {
			isa = XCConfigurationList;
			buildConfigurations = (
				31D9829328133DD400CA1136 /* Debug */,
				31D9829428133DD400CA1136 /* Release */,
			);
			defaultConfigurationIsVisible = 0;
			defaultConfigurationName = Release;
		};
		31D9829528133DD400CA1136 /* Build configuration list for PBXNativeTarget "PokemonGoProject" */ = {
			isa = XCConfigurationList;
			buildConfigurations = (
				31D9829628133DD400CA1136 /* Debug */,
				31D9829728133DD400CA1136 /* Release */,
			);
			defaultConfigurationIsVisible = 0;
			defaultConfigurationName = Release;
		};
/* End XCConfigurationList section */
	};
	rootObject = 31D9827928133DD200CA1136 /* Project object */;
}
